{
    "_meta": {
        "hash": {
            "sha256": "e3d8b2a01e4a93d01ba3d7637f419a639e611709e6d041589f1013af0d53cfa9"
        },
        "pipfile-spec": 6,
        "requires": {
            "python_full_version": "3.12.2",
            "python_version": "3.12"
        },
        "sources": [
            {
                "name": "pypi",
                "url": "https://pypi.org/simple",
                "verify_ssl": true
            }
        ]
    },
    "default": {
        "boto3": {
            "hashes": [
                "sha256:6770478420b7383657c5f9c0805c6912eefb0dac9f1c54a32198b2a175feaa5c",
                "sha256:e0e0cc46ba7596a75509caa21c1200a488cf0676a51c1bd9c01428886b43b7b8"
            ],
            "index": "pypi",
            "markers": "python_version >= '3.9'",
            "version": "==1.40.34"
        },
        "botocore": {
            "hashes": [
                "sha256:681b3751c430aa1d70c7117efec4faeeb745acd8646d1657456e282a3a400d3b",
                "sha256:b46d27550ed7e2ac7d5e2ce0ab7a95b7296076e64bc8a3c496e41ea1fc9abd4b"
            ],
            "markers": "python_version >= '3.9'",
            "version": "==1.40.34"
        },
        "certifi": {
            "hashes": [
                "sha256:e564105f78ded564e3ae7c923924435e1daa7463faeab5bb932bc53ffae63407",
                "sha256:f6c12493cfb1b06ba2ff328595af9350c65d6644968e5d3a2ffd78699af217a5"
            ],
            "markers": "python_version >= '3.7'",
            "version": "==2025.8.3"
        },
        "cfgv": {
            "hashes": [
                "sha256:b7265b1f29fd3316bfcd2b330d63d024f2bfd8bcb8b0272f8e19a504856c48f9",
                "sha256:e52591d4c5f5dead8e0f673fb16db7949d2cfb3f7da4582893288f0ded8fe560"
            ],
            "markers": "python_version >= '3.8'",
            "version": "==3.4.0"
        },
        "charset-normalizer": {
            "hashes": [
                "sha256:00237675befef519d9af72169d8604a067d92755e84fe76492fef5441db05b91",
                "sha256:02425242e96bcf29a49711b0ca9f37e451da7c70562bc10e8ed992a5a7a25cc0",
                "sha256:027b776c26d38b7f15b26a5da1044f376455fb3766df8fc38563b4efbc515154",
                "sha256:07a0eae9e2787b586e129fdcbe1af6997f8d0e5abaa0bc98c0e20e124d67e601",
                "sha256:0cacf8f7297b0c4fcb74227692ca46b4a5852f8f4f24b3c766dd94a1075c4884",
                "sha256:0e78314bdc32fa80696f72fa16dc61168fda4d6a0c014e0380f9d02f0e5d8a07",
                "sha256:0f2be7e0cf7754b9a30eb01f4295cc3d4358a479843b31f328afd210e2c7598c",
                "sha256:13faeacfe61784e2559e690fc53fa4c5ae97c6fcedb8eb6fb8d0a15b475d2c64",
                "sha256:14c2a87c65b351109f6abfc424cab3927b3bdece6f706e4d12faaf3d52ee5efe",
                "sha256:1606f4a55c0fd363d754049cdf400175ee96c992b1f8018b993941f221221c5f",
                "sha256:16a8770207946ac75703458e2c743631c79c59c5890c80011d536248f8eaa432",
                "sha256:18343b2d246dc6761a249ba1fb13f9ee9a2bcd95decc767319506056ea4ad4dc",
                "sha256:18b97b8404387b96cdbd30ad660f6407799126d26a39ca65729162fd810a99aa",
                "sha256:1bb60174149316da1c35fa5233681f7c0f9f514509b8e399ab70fea5f17e45c9",
                "sha256:1e8ac75d72fa3775e0b7cb7e4629cec13b7514d928d15ef8ea06bca03ef01cae",
                "sha256:1ef99f0456d3d46a50945c98de1774da86f8e992ab5c77865ea8b8195341fc19",
                "sha256:2001a39612b241dae17b4687898843f254f8748b796a2e16f1051a17078d991d",
                "sha256:23b6b24d74478dc833444cbd927c338349d6ae852ba53a0d02a2de1fce45b96e",
                "sha256:252098c8c7a873e17dd696ed98bbe91dbacd571da4b87df3736768efa7a792e4",
                "sha256:257f26fed7d7ff59921b78244f3cd93ed2af1800ff048c33f624c87475819dd7",
                "sha256:2c322db9c8c89009a990ef07c3bcc9f011a3269bc06782f916cd3d9eed7c9312",
                "sha256:30a96e1e1f865f78b030d65241c1ee850cdf422d869e9028e2fc1d5e4db73b92",
                "sha256:30d006f98569de3459c2fc1f2acde170b7b2bd265dc1943e87e1a4efe1b67c31",
                "sha256:31a9a6f775f9bcd865d88ee350f0ffb0e25936a7f930ca98995c05abf1faf21c",
                "sha256:320e8e66157cc4e247d9ddca8e21f427efc7a04bbd0ac8a9faf56583fa543f9f",
                "sha256:34a7f768e3f985abdb42841e20e17b330ad3aaf4bb7e7aeeb73db2e70f077b99",
                "sha256:3653fad4fe3ed447a596ae8638b437f827234f01a8cd801842e43f3d0a6b281b",
                "sha256:3cd35b7e8aedeb9e34c41385fda4f73ba609e561faedfae0a9e75e44ac558a15",
                "sha256:3cfb2aad70f2c6debfbcb717f23b7eb55febc0bb23dcffc0f076009da10c6392",
                "sha256:416175faf02e4b0810f1f38bcb54682878a4af94059a1cd63b8747244420801f",
                "sha256:41d1fc408ff5fdfb910200ec0e74abc40387bccb3252f3f27c0676731df2b2c8",
                "sha256:42e5088973e56e31e4fa58eb6bd709e42fc03799c11c42929592889a2e54c491",
                "sha256:4ca4c094de7771a98d7fbd67d9e5dbf1eb73efa4f744a730437d8a3a5cf994f0",
                "sha256:511729f456829ef86ac41ca78c63a5cb55240ed23b4b737faca0eb1abb1c41bc",
                "sha256:53cd68b185d98dde4ad8990e56a58dea83a4162161b1ea9272e5c9182ce415e0",
                "sha256:585f3b2a80fbd26b048a0be90c5aae8f06605d3c92615911c3a2b03a8a3b796f",
                "sha256:5b413b0b1bfd94dbf4023ad6945889f374cd24e3f62de58d6bb102c4d9ae534a",
                "sha256:5d8d01eac18c423815ed4f4a2ec3b439d654e55ee4ad610e153cf02faf67ea40",
                "sha256:6aab0f181c486f973bc7262a97f5aca3ee7e1437011ef0c2ec04b5a11d16c927",
                "sha256:6cf8fd4c04756b6b60146d98cd8a77d0cdae0e1ca20329da2ac85eed779b6849",
                "sha256:6fb70de56f1859a3f71261cbe41005f56a7842cc348d3aeb26237560bfa5e0ce",
                "sha256:6fce4b8500244f6fcb71465d4a4930d132ba9ab8e71a7859e6a5d59851068d14",
                "sha256:70bfc5f2c318afece2f5838ea5e4c3febada0be750fcf4775641052bbba14d05",
                "sha256:73dc19b562516fc9bcf6e5d6e596df0b4eb98d87e4f79f3ae71840e6ed21361c",
                "sha256:74d77e25adda8581ffc1c720f1c81ca082921329452eba58b16233ab1842141c",
                "sha256:78deba4d8f9590fe4dae384aeff04082510a709957e968753ff3c48399f6f92a",
                "sha256:86df271bf921c2ee3818f0522e9a5b8092ca2ad8b065ece5d7d9d0e9f4849bcc",
                "sha256:88ab34806dea0671532d3f82d82b85e8fc23d7b2dd12fa837978dad9bb392a34",
                "sha256:8999f965f922ae054125286faf9f11bc6932184b93011d138925a1773830bbe9",
                "sha256:8dcfc373f888e4fb39a7bc57e93e3b845e7f462dacc008d9749568b1c4ece096",
                "sha256:939578d9d8fd4299220161fdd76e86c6a251987476f5243e8864a7844476ba14",
                "sha256:96b2b3d1a83ad55310de8c7b4a2d04d9277d5591f40761274856635acc5fcb30",
                "sha256:a2d08ac246bb48479170408d6c19f6385fa743e7157d716e144cad849b2dd94b",
                "sha256:b256ee2e749283ef3ddcff51a675ff43798d92d746d1a6e4631bf8c707d22d0b",
                "sha256:b5e3b2d152e74e100a9e9573837aba24aab611d39428ded46f4e4022ea7d1942",
                "sha256:b89bc04de1d83006373429975f8ef9e7932534b8cc9ca582e4db7d20d91816db",
                "sha256:bd28b817ea8c70215401f657edef3a8aa83c29d447fb0b622c35403780ba11d5",
                "sha256:c60e092517a73c632ec38e290eba714e9627abe9d301c8c8a12ec32c314a2a4b",
                "sha256:c6dbd0ccdda3a2ba7c2ecd9d77b37f3b5831687d8dc1b6ca5f56a4880cc7b7ce",
                "sha256:c6e490913a46fa054e03699c70019ab869e990270597018cef1d8562132c2669",
                "sha256:c6f162aabe9a91a309510d74eeb6507fab5fff92337a15acbe77753d88d9dcf0",
                "sha256:c6fd51128a41297f5409deab284fecbe5305ebd7e5a1f959bee1c054622b7018",
                "sha256:cc34f233c9e71701040d772aa7490318673aa7164a0efe3172b2981218c26d93",
                "sha256:cc9370a2da1ac13f0153780040f465839e6cccb4a1e44810124b4e22483c93fe",
                "sha256:ccf600859c183d70eb47e05a44cd80a4ce77394d1ac0f79dbd2dd90a69a3a049",
                "sha256:ce571ab16d890d23b5c278547ba694193a45011ff86a9162a71307ed9f86759a",
                "sha256:cf1ebb7d78e1ad8ec2a8c4732c7be2e736f6e5123a4146c5b89c9d1f585f8cef",
                "sha256:d0e909868420b7049dafd3a31d45125b31143eec59235311fc4c57ea26a4acd2",
                "sha256:d22dbedd33326a4a5190dd4fe9e9e693ef12160c77382d9e87919bce54f3d4ca",
                "sha256:d716a916938e03231e86e43782ca7878fb602a125a91e7acb8b5112e2e96ac16",
                "sha256:d79c198e27580c8e958906f803e63cddb77653731be08851c7df0b1a14a8fc0f",
                "sha256:d95bfb53c211b57198bb91c46dd5a2d8018b3af446583aab40074bf7988401cb",
                "sha256:e28e334d3ff134e88989d90ba04b47d84382a828c061d0d1027b1b12a62b39b1",
                "sha256:ec557499516fc90fd374bf2e32349a2887a876fbf162c160e3c01b6849eaf557",
                "sha256:fb6fecfd65564f208cbf0fba07f107fb661bcd1a7c389edbced3f7a493f70e37",
                "sha256:fb731e5deb0c7ef82d698b0f4c5bb724633ee2a489401594c5c88b02e6cb15f7",
                "sha256:fb7f67a1bfa6e40b438170ebdc8158b78dc465a5a67b6dde178a46987b244a72",
                "sha256:fd10de089bcdcd1be95a2f73dbe6254798ec1bda9f450d5828c96f93e2536b9c",
                "sha256:fdabf8315679312cfa71302f9bd509ded4f2f263fb5b765cf1433b39106c3cc9"
            ],
            "markers": "python_version >= '3.7'",
            "version": "==3.4.3"
        },
        "coverage": {
            "extras": [
                "toml"
            ],
            "hashes": [
                "sha256:073711de3181b2e204e4870ac83a7c4853115b42e9cd4d145f2231e12d670930",
                "sha256:081b98395ced0d9bcf60ada7661a0b75f36b78b9d7e39ea0790bb4ed8da14747",
                "sha256:0de434f4fbbe5af4fa7989521c655c8c779afb61c53ab561b64dcee6149e4c65",
                "sha256:0e93b1476b79eae849dc3872faeb0bf7948fd9ea34869590bc16a2a00b9c82a7",
                "sha256:0f3f56e4cb573755e96a16501a98bf211f100463d70275759e73f3cbc00d4f27",
                "sha256:0f7cb359a448e043c576f0da00aa8bfd796a01b06aa610ca453d4dde09cc1034",
                "sha256:10356fdd33a7cc06e8051413140bbdc6f972137508a3572e3f59f805cd2832fd",
                "sha256:137921f2bac5559334ba66122b753db6dc5d1cf01eb7b64eb412bb0d064ef35b",
                "sha256:160c00a5e6b6bdf4e5984b0ef21fc860bc94416c41b7df4d63f536d17c38902e",
                "sha256:2195f8e16ba1a44651ca684db2ea2b2d4b5345da12f07d9c22a395202a05b23c",
                "sha256:282b1b20f45df57cc508c1e033403f02283adfb67d4c9c35a90281d81e5c52c5",
                "sha256:28395ca3f71cd103b8c116333fa9db867f3a3e1ad6a084aa3725ae002b6583bc",
                "sha256:2904271c80898663c810a6b067920a61dd8d38341244a3605bd31ab55250dad5",
                "sha256:2b38261034fda87be356f2c3f42221fdb4171c3ce7658066ae449241485390d5",
                "sha256:2e4c33e6378b9d52d3454bd08847a8651f4ed23ddbb4a0520227bd346382bbc6",
                "sha256:388d80e56191bf846c485c14ae2bc8898aa3124d9d35903fef7d907780477634",
                "sha256:3e23dd5408fe71a356b41baa82892772a4cefcf758f2ca3383d2aa39e1b7a003",
                "sha256:3fb99d0786fe17b228eab663d16bee2288e8724d26a199c29325aac4b0319b9b",
                "sha256:441c357d55f4936875636ef2cfb3bee36e466dcf50df9afbd398ce79dba1ebb7",
                "sha256:4cec13817a651f8804a86e4f79d815b3b28472c910e099e4d5a0e8a3b6a1d4cb",
                "sha256:5aea98383463d6e1fa4e95416d8de66f2d0cb588774ee20ae1b28df826bcb619",
                "sha256:5b15a87265e96307482746d86995f4bff282f14b027db75469c446da6127433b",
                "sha256:5b2dd6059938063a2c9fee1af729d4f2af28fd1a545e9b7652861f0d752ebcea",
                "sha256:5e75e37f23eb144e78940b40395b42f2321951206a4f50e23cfd6e8a198d3ceb",
                "sha256:6008a021907be8c4c02f37cdc3ffb258493bdebfeaf9a839f9e71dfdc47b018e",
                "sha256:61c950fc33d29c91b9e18540e1aed7d9f6787cc870a3e4032493bbbe641d12fc",
                "sha256:628055297f3e2aa181464c3808402887643405573eb3d9de060d81531fa79d32",
                "sha256:675824a363cc05781b1527b39dc2587b8984965834a748177ee3c37b64ffeafb",
                "sha256:689920ecfd60f992cafca4f5477d55720466ad2c7fa29bb56ac8d44a1ac2b47a",
                "sha256:692d70ea725f471a547c305f0d0fc6a73480c62fb0da726370c088ab21aed282",
                "sha256:6937347c5d7d069ee776b2bf4e1212f912a9f1f141a429c475e6089462fcecc5",
                "sha256:6b3039e2ca459a70c79523d39347d83b73f2f06af5624905eba7ec34d64d80b5",
                "sha256:6e31b8155150c57e5ac43ccd289d079eb3f825187d7c66e755a055d2c85794c6",
                "sha256:70e7bfbd57126b5554aa482691145f798d7df77489a177a6bef80de78860a356",
                "sha256:752a3005a1ded28f2f3a6e8787e24f28d6abe176ca64677bcd8d53d6fe2ec08a",
                "sha256:7d79dabc0a56f5af990cc6da9ad1e40766e82773c075f09cc571e2076fef882e",
                "sha256:7eb68d356ba0cc158ca535ce1381dbf2037fa8cb5b1ae5ddfc302e7317d04144",
                "sha256:80b1695cf7c5ebe7b44bf2521221b9bb8cdf69b1f24231149a7e3eb1ae5fa2fb",
                "sha256:851430a9a361c7a8484a36126d1d0ff8d529d97385eacc8dfdc9bfc8c2d2cbe4",
                "sha256:856986eadf41f52b214176d894a7de05331117f6035a28ac0016c0f63d887629",
                "sha256:86b9b59f2b16e981906e9d6383eb6446d5b46c278460ae2c36487667717eccf1",
                "sha256:8953746d371e5695405806c46d705a3cd170b9cc2b9f93953ad838f6c1e58612",
                "sha256:8cdbe264f11afd69841bd8c0d83ca10b5b32853263ee62e6ac6a0ab63895f972",
                "sha256:8dd5af36092430c2b075cee966719898f2ae87b636cefb85a653f1d0ba5d5393",
                "sha256:8e0c38dc289e0508ef68ec95834cb5d2e96fdbe792eaccaa1bccac3966bbadcc",
                "sha256:90558c35af64971d65fbd935c32010f9a2f52776103a259f1dee865fe8259352",
                "sha256:90cb5b1a4670662719591aa92d0095bb41714970c0b065b02a2610172dbf0af6",
                "sha256:92be86fcb125e9bda0da7806afd29a3fd33fdf58fba5d60318399adf40bf37d0",
                "sha256:92c4ecf6bf11b2e85fd4d8204814dc26e6a19f0c9d938c207c5cb0eadfcabbe3",
                "sha256:95d91d7317cde40a1c249d6b7382750b7e6d86fad9d8eaf4fa3f8f44cf171e80",
                "sha256:961834e2f2b863a0e14260a9a273aff07ff7818ab6e66d2addf5628590c628f9",
                "sha256:9702b59d582ff1e184945d8b501ffdd08d2cee38d93a2206aa5f1365ce0b8d78",
                "sha256:98cede73eb83c31e2118ae8d379c12e3e42736903a8afcca92a7218e1f2903b0",
                "sha256:99c4283e2a0e147b9c9cc6bc9c96124de9419d6044837e9799763a0e29a7321a",
                "sha256:99e1a305c7765631d74b98bf7dbf54eeea931f975e80f115437d23848ee8c27c",
                "sha256:a517feaf3a0a3eca1ee985d8373135cfdedfbba3882a5eab4362bda7c7cf518d",
                "sha256:a80f7aef9535442bdcf562e5a0d5a5538ce8abe6bb209cfbf170c462ac2c2a32",
                "sha256:ac765b026c9f33044419cbba1da913cfb82cca1b60598ac1c7a5ed6aac4621a0",
                "sha256:acf36b8268785aad739443fa2780c16260ee3fa09d12b3a70f772ef100939d80",
                "sha256:adec1d980fa07e60b6ef865f9e5410ba760e4e1d26f60f7e5772c73b9a5b0713",
                "sha256:b0353b0f0850d49ada66fdd7d0c7cdb0f86b900bb9e367024fd14a60cecc1e27",
                "sha256:b37201ce4a458c7a758ecc4efa92fa8ed783c66e0fa3c42ae19fc454a0792153",
                "sha256:bf9a19f5012dab774628491659646335b1928cfc931bf8d97b0d5918dd58033c",
                "sha256:c61fc91ab80b23f5fddbee342d19662f3d3328173229caded831aa0bd7595460",
                "sha256:c68018e4fc4e14b5668f1353b41ccf4bc83ba355f0e1b3836861c6f042d89ac1",
                "sha256:c706db3cabb7ceef779de68270150665e710b46d56372455cd741184f3868d8f",
                "sha256:c83f6afb480eae0313114297d29d7c295670a41c11b274e6bca0c64540c1ce7b",
                "sha256:c8a3ec16e34ef980a46f60dc6ad86ec60f763c3f2fa0db6d261e6e754f72e945",
                "sha256:c9a8b7a34a4de3ed987f636f71881cd3b8339f61118b1aa311fbda12741bff0b",
                "sha256:cd4b2b0707fc55afa160cd5fc33b27ccbf75ca11d81f4ec9863d5793fc6df56a",
                "sha256:d6b9ae13d5d3e8aeca9ca94198aa7b3ebbc5acfada557d724f2a1f03d2c0b0df",
                "sha256:d8fd7879082953c156d5b13c74aa6cca37f6a6f4747b39538504c3f9c63d043d",
                "sha256:d9369a23186d189b2fc95cc08b8160ba242057e887d766864f7adf3c46b2df21",
                "sha256:db4a1d897bbbe7339946ffa2fe60c10cc81c43fab8b062d3fcb84188688174a4",
                "sha256:df4ec1f8540b0bcbe26ca7dd0f541847cc8a108b35596f9f91f59f0c060bfdd2",
                "sha256:e132b9152749bd33534e5bd8565c7576f135f157b4029b975e15ee184325f528",
                "sha256:e3fb1fa01d3598002777dd259c0c2e6d9d5e10e7222976fc8e03992f972a2cba",
                "sha256:e41be6f0f19da64af13403e52f2dec38bbc2937af54df8ecef10850ff8d35301",
                "sha256:ec98435796d2624d6905820a42f82149ee9fc4f2d45c2c5bc5a44481cc50db62",
                "sha256:efeda443000aa23f276f4df973cb82beca682fd800bb119d19e80504ffe53ec2",
                "sha256:f2a6a8e06bbda06f78739f40bfb56c45d14eb8249d0f0ea6d4b3d48e1f7c695d",
                "sha256:f32ff80e7ef6a5b5b606ea69a36e97b219cd9dc799bcf2963018a4d8f788cfbf",
                "sha256:f35ed9d945bece26553d5b4c8630453169672bea0050a564456eb88bdffd927e",
                "sha256:f644a3ae5933a552a29dbb9aa2f90c677a875f80ebea028e5a52a4f429044b90",
                "sha256:f863c08f4ff6b64fa8045b1e3da480f5374779ef187f07b82e0538c68cb4ff8e",
                "sha256:fc53ba868875bfbb66ee447d64d6413c2db91fddcfca57025a0e7ab5b07d5862",
                "sha256:ff8a991f70f4c0cf53088abf1e3886edcc87d53004c7bb94e78650b4d3dac3b5",
                "sha256:ffea0575345e9ee0144dfe5701aa17f3ba546f8c3bb48db62ae101afb740e7d6"
            ],
            "markers": "python_version >= '3.9'",
            "version": "==7.10.6"
        },
        "distlib": {
            "hashes": [
                "sha256:9659f7d87e46584a30b5780e43ac7a2143098441670ff0a49d5f9034c54a6c16",
                "sha256:feec40075be03a04501a973d81f633735b4b69f98b05450592310c0f401a4e0d"
            ],
            "version": "==0.4.0"
        },
        "filelock": {
            "hashes": [
                "sha256:66eda1888b0171c998b35be2bcc0f6d75c388a7ce20c3f3f37aa8e96c2dddf58",
                "sha256:d38e30481def20772f5baf097c122c3babc4fcdb7e14e57049eb9d88c6dc017d"
            ],
            "markers": "python_version >= '3.9'",
            "version": "==3.19.1"
        },
        "identify": {
            "hashes": [
                "sha256:11a073da82212c6646b1f39bb20d4483bfb9543bd5566fec60053c4bb309bf2e",
                "sha256:663494103b4f717cb26921c52f8751363dc89db64364cd836a9bf1535f53cd6a"
            ],
            "markers": "python_version >= '3.9'",
            "version": "==2.6.14"
        },
        "idna": {
            "hashes": [
                "sha256:12f65c9b470abda6dc35cf8e63cc574b1c52b11df2c86030af0ac09b01b13ea9",
                "sha256:946d195a0d259cbba61165e88e65941f16e9b36ea6ddb97f00452bae8b1287d3"
            ],
            "markers": "python_version >= '3.6'",
            "version": "==3.10"
        },
        "iniconfig": {
            "hashes": [
                "sha256:3abbd2e30b36733fee78f9c7f7308f2d0050e88f0087fd25c2645f63c773e1c7",
                "sha256:9deba5723312380e77435581c6bf4935c94cbfab9b1ed33ef8d238ea168eb760"
            ],
            "markers": "python_version >= '3.8'",
            "version": "==2.1.0"
        },
        "jmespath": {
            "hashes": [
                "sha256:02e2e4cc71b5bcab88332eebf907519190dd9e6e82107fa7f83b1003a6252980",
                "sha256:90261b206d6defd58fdd5e85f478bf633a2901798906be2ad389150c5c60edbe"
            ],
            "markers": "python_version >= '3.7'",
            "version": "==1.0.1"
        },
        "nodeenv": {
            "hashes": [
                "sha256:6ec12890a2dab7946721edbfbcd91f3319c6ccc9aec47be7c7e6b7011ee6645f",
                "sha256:ba11c9782d29c27c70ffbdda2d7415098754709be8a7056d79a737cd901155c9"
            ],
            "markers": "python_version >= '2.7' and python_version not in '3.0, 3.1, 3.2, 3.3, 3.4, 3.5, 3.6'",
            "version": "==1.9.1"
        },
        "numpy": {
            "hashes": [
                "sha256:067e3d7159a5d8f8a0b46ee11148fc35ca9b21f61e3c49fbd0a027450e65a33b",
                "sha256:0edd58682a399824633b66885d699d7de982800053acf20be1eaa46d92009c54",
                "sha256:0ffc4f5caba7dfcbe944ed674b7eef683c7e94874046454bb79ed7ee0236f59d",
                "sha256:1250c5d3d2562ec4174bce2e3a1523041595f9b651065e4a4473f5f48a6bc8a5",
                "sha256:179a42101b845a816d464b6fe9a845dfaf308fdfc7925387195570789bb2c970",
                "sha256:1c02d0629d25d426585fb2e45a66154081b9fa677bc92a881ff1d216bc9919a8",
                "sha256:1e02c7159791cd481e1e6d5ddd766b62a4d5acf8df4d4d1afe35ee9c5c33a41e",
                "sha256:2990adf06d1ecee3b3dcbb4977dfab6e9f09807598d647f04d385d29e7a3c3d3",
                "sha256:2e267c7da5bf7309670523896df97f93f6e469fb931161f483cd6882b3b1a5dc",
                "sha256:367ad5d8fbec5d9296d18478804a530f1191e24ab4d75ab408346ae88045d25e",
                "sha256:396b254daeb0a57b1fe0ecb5e3cff6fa79a380fa97c8f7781a6d08cd429418fe",
                "sha256:3c7cf302ac6e0b76a64c4aecf1a09e51abd9b01fc7feee80f6c43e3ab1b1dbc5",
                "sha256:40051003e03db4041aa325da2a0971ba41cf65714e65d296397cc0e32de6018b",
                "sha256:414a97499480067d305fcac9716c29cf4d0d76db6ebf0bf3cbce666677f12652",
                "sha256:433bf137e338677cebdd5beac0199ac84712ad9d630b74eceeb759eaa45ddf30",
                "sha256:4384a169c4d8f97195980815d6fcad04933a7e1ab3b530921c3fef7a1c63426d",
                "sha256:497d7cad08e7092dba36e3d296fe4c97708c93daf26643a1ae4b03f6294d30eb",
                "sha256:50a5fe69f135f88a2be9b6ca0481a68a136f6febe1916e4920e12f1a34e708a7",
                "sha256:533ca5f6d325c80b6007d4d7fb1984c303553534191024ec6a524a4c92a5935a",
                "sha256:5534ed6b92f9b7dca6c0a19d6df12d41c68b991cef051d108f6dbff3babc4ebf",
                "sha256:5b83648633d46f77039c29078751f80da65aa64d5622a3cd62aaef9d835b6c93",
                "sha256:691808c2b26b0f002a032c73255d0bd89751425f379f7bcd22d140db593a96e8",
                "sha256:6ee9086235dd6ab7ae75aba5662f582a81ced49f0f1c6de4260a78d8f2d91a19",
                "sha256:74c2a948d02f88c11a3c075d9733f1ae67d97c6bdb97f2bb542f980458b257e7",
                "sha256:75370986cc0bc66f4ce5110ad35aae6d182cc4ce6433c40ad151f53690130bf1",
                "sha256:78c9f6560dc7e6b3990e32df7ea1a50bbd0e2a111e05209963f5ddcab7073b0b",
                "sha256:7af05ed4dc19f308e1d9fc759f36f21921eb7bbfc82843eeec6b2a2863a0aefa",
                "sha256:7f025652034199c301049296b59fa7d52c7e625017cae4c75d8662e377bf487d",
                "sha256:823d04112bc85ef5c4fda73ba24e6096c8f869931405a80aa8b0e604510a26bc",
                "sha256:8596ba2f8af5f93b01d97563832686d20206d303024777f6dfc2e7c7c3f1850e",
                "sha256:8e9aced64054739037d42fb84c54dd38b81ee238816c948c8f3ed134665dcd86",
                "sha256:8f6ac61a217437946a1fa48d24c47c91a0c4f725237871117dea264982128097",
                "sha256:901bf6123879b7f251d3631967fd574690734236075082078e0571977c6a8e6a",
                "sha256:93d4962d8f82af58f0b2eb85daaf1b3ca23fe0a85d0be8f1f2b7bb46034e56d7",
                "sha256:94fcaa68757c3e2e668ddadeaa86ab05499a70725811e582b6a9858dd472fb30",
                "sha256:952cfd0748514ea7c3afc729a0fc639e61655ce4c55ab9acfab14bda4f402b4c",
                "sha256:9591e1221db3f37751e6442850429b3aabf7026d3b05542d102944ca7f00c8a8",
                "sha256:99683cbe0658f8271b333a1b1b4bb3173750ad59c0c61f5bbdc5b318918fffe3",
                "sha256:9ad12e976ca7b10f1774b03615a2a4bab8addce37ecc77394d8e986927dc0dfe",
                "sha256:9cc48e09feb11e1db00b320e9d30a4151f7369afb96bd0e48d942d09da3a0d00",
                "sha256:9dc13c6a5829610cc07422bc74d3ac083bd8323f14e2827d992f9e52e22cd6a6",
                "sha256:9e318ee0596d76d4cb3d78535dc005fa60e5ea348cd131a51e99d0bdbe0b54fe",
                "sha256:a333b4ed33d8dc2b373cc955ca57babc00cd6f9009991d9edc5ddbc1bac36bcd",
                "sha256:afd07d377f478344ec6ca2b8d4ca08ae8bd44706763d1efb56397de606393f48",
                "sha256:b001bae8cea1c7dfdb2ae2b017ed0a6f2102d7a70059df1e338e307a4c78a8ae",
                "sha256:b37a0b2e5935409daebe82c1e42274d30d9dd355852529eab91dab8dcca7419f",
                "sha256:b912f2ed2b67a129e6a601e9d93d4fa37bef67e54cac442a2f588a54afe5c67a",
                "sha256:bc92a5dedcc53857249ca51ef29f5e5f2f8c513e22cfb90faeb20343b8c6f7a6",
                "sha256:ca0309a18d4dfea6fc6262a66d06c26cfe4640c3926ceec90e57791a82b6eee5",
                "sha256:cb248499b0bc3be66ebd6578b83e5acacf1d6cb2a77f2248ce0e40fbec5a76d0",
                "sha256:cb32e3cf0f762aee47ad1ddc6672988f7f27045b0783c887190545baba73aa25",
                "sha256:cd052f1fa6a78dee696b58a914b7229ecfa41f0a6d96dc663c1220a55e137593",
                "sha256:cd4260f64bc794c3390a63bf0728220dd1a68170c169088a1e0dfa2fde1be12f",
                "sha256:cd7de500a5b66319db419dc3c345244404a164beae0d0937283b907d8152e6ea",
                "sha256:ce020080e4a52426202bdb6f7691c65bb55e49f261f31a8f506c9f6bc7450421",
                "sha256:cfdd09f9c84a1a934cde1eec2267f0a43a7cd44b2cca4ff95b7c0d14d144b0bf",
                "sha256:d00de139a3324e26ed5b95870ce63be7ec7352171bc69a4cf1f157a48e3eb6b7",
                "sha256:d79715d95f1894771eb4e60fb23f065663b2298f7d22945d66877aadf33d00c7",
                "sha256:d8f3b1080782469fdc1718c4ed1d22549b5fb12af0d57d35e992158a772a37cf",
                "sha256:d9192da52b9745f7f0766531dcfa978b7763916f158bb63bdb8a1eca0068ab20",
                "sha256:d9d537a39cc9de668e5cd0e25affb17aec17b577c6b3ae8a3d866b479fbe88d0",
                "sha256:da1a74b90e7483d6ce5244053399a614b1d6b7bc30a60d2f570e5071f8959d3e",
                "sha256:dca2d0fc80b3893ae72197b39f69d55a3cd8b17ea1b50aa4c62de82419936150",
                "sha256:ddc7c39727ba62b80dfdbedf400d1c10ddfa8eefbd7ec8dcb118be8b56d31029",
                "sha256:e1ec5615b05369925bd1125f27df33f3b6c8bc10d788d5999ecd8769a1fa04db",
                "sha256:e6687dc183aa55dae4a705b35f9c0f8cb178bcaa2f029b241ac5356221d5c021",
                "sha256:e7e946c7170858a0295f79a60214424caac2ffdb0063d4d79cb681f9aa0aa569",
                "sha256:eb63d443d7b4ffd1e873f8155260d7f58e7e4b095961b01c91062935c2491e57",
                "sha256:ec9d249840f6a565f58d8f913bccac2444235025bbb13e9a4681783572ee3caa",
                "sha256:ed635ff692483b8e3f0fcaa8e7eb8a75ee71aa6d975388224f70821421800cea",
                "sha256:eda59e44957d272846bb407aad19f89dc6f58fecf3504bd144f4c5cf81a7eacc",
                "sha256:f0dadeb302887f07431910f67a14d57209ed91130be0adea2f9793f1a4f817cf",
                "sha256:f0ddb4b96a87b6728df9362135e764eac3cfa674499943ebc44ce96c478ab125",
                "sha256:f5415fb78995644253370985342cd03572ef8620b934da27d77377a2285955bf"
            ],
            "markers": "python_version >= '3.11'",
            "version": "==2.3.3"
        },
        "packaging": {
            "hashes": [
                "sha256:29572ef2b1f17581046b3a2227d5c611fb25ec70ca1ba8554b24b0e69331a484",
                "sha256:d443872c98d677bf60f6a1f2f8c1cb748e8fe762d2bf9d3148b5599295b0fc4f"
            ],
            "markers": "python_version >= '3.8'",
            "version": "==25.0"
        },
        "pandas": {
            "hashes": [
                "sha256:0064187b80a5be6f2f9c9d6bdde29372468751dfa89f4211a3c5871854cfbf7a",
                "sha256:0bd281310d4f412733f319a5bc552f86d62cddc5f51d2e392c8787335c994175",
                "sha256:0c6ecbac99a354a051ef21c5307601093cb9e0f4b1855984a084bfec9302699e",
                "sha256:0cee69d583b9b128823d9514171cabb6861e09409af805b54459bd0c821a35c2",
                "sha256:114c2fe4f4328cf98ce5716d1532f3ab79c5919f95a9cfee81d9140064a2e4d6",
                "sha256:12d039facec710f7ba305786837d0225a3444af7bbd9c15c32ca2d40d157ed8b",
                "sha256:1333e9c299adcbb68ee89a9bb568fc3f20f9cbb419f1dd5225071e6cddb2a743",
                "sha256:13bd629c653856f00c53dc495191baa59bcafbbf54860a46ecc50d3a88421a96",
                "sha256:1b9b52693123dd234b7c985c68b709b0b009f4521000d0525f2b95c22f15944b",
                "sha256:1d81573b3f7db40d020983f78721e9bfc425f411e616ef019a10ebf597aedb2e",
                "sha256:213a5adf93d020b74327cb2c1b842884dbdd37f895f42dcc2f09d451d949f811",
                "sha256:21bb612d148bb5860b7eb2c10faacf1a810799245afd342cf297d7551513fbb6",
                "sha256:220cc5c35ffaa764dd5bb17cf42df283b5cb7fdf49e10a7b053a06c9cb48ee2b",
                "sha256:2319656ed81124982900b4c37f0e0c58c015af9a7bbc62342ba5ad07ace82ba9",
                "sha256:36d627906fd44b5fd63c943264e11e96e923f8de77d6016dc2f667b9ad193438",
                "sha256:3fbb977f802156e7a3f829e9d1d5398f6192375a3e2d1a9ee0803e35fe70a2b9",
                "sha256:42c05e15111221384019897df20c6fe893b2f697d03c811ee67ec9e0bb5a3424",
                "sha256:45178cf09d1858a1509dc73ec261bf5b25a625a389b65be2e47b559905f0ab6a",
                "sha256:48fa91c4dfb3b2b9bfdb5c24cd3567575f4e13f9636810462ffed8925352be5a",
                "sha256:4ac8c320bded4718b298281339c1a50fb00a6ba78cb2a63521c39bec95b0209b",
                "sha256:52bc29a946304c360561974c6542d1dd628ddafa69134a7131fdfd6a5d7a1a35",
                "sha256:76972bcbd7de8e91ad5f0ca884a9f2c477a2125354af624e022c49e5bd0dfff4",
                "sha256:77cefe00e1b210f9c76c697fedd8fdb8d3dd86563e9c8adc9fa72b90f5e9e4c2",
                "sha256:837248b4fc3a9b83b9c6214699a13f069dc13510a6a6d7f9ba33145d2841a012",
                "sha256:88080a0ff8a55eac9c84e3ff3c7665b3b5476c6fbc484775ca1910ce1c3e0b87",
                "sha256:8c13b81a9347eb8c7548f53fd9a4f08d4dfe996836543f805c987bafa03317ae",
                "sha256:9467697b8083f9667b212633ad6aa4ab32436dcbaf4cd57325debb0ddef2012f",
                "sha256:96d31a6b4354e3b9b8a2c848af75d31da390657e3ac6f30c05c82068b9ed79b9",
                "sha256:a9d7ec92d71a420185dec44909c32e9a362248c4ae2238234b76d5be37f208cc",
                "sha256:ab7b58f8f82706890924ccdfb5f48002b83d2b5a3845976a9fb705d36c34dcdb",
                "sha256:b37205ad6f00d52f16b6d09f406434ba928c1a1966e2771006a9033c736d30d2",
                "sha256:b62d586eb25cb8cb70a5746a378fc3194cb7f11ea77170d59f889f5dfe3cec7a",
                "sha256:b98bdd7c456a05eef7cd21fd6b29e3ca243591fe531c62be94a2cc987efb5ac2",
                "sha256:c253828cb08f47488d60f43c5fc95114c771bbfff085da54bfc79cb4f9e3a372",
                "sha256:c624b615ce97864eb588779ed4046186f967374185c047070545253a52ab2d57",
                "sha256:c6f048aa0fd080d6a06cc7e7537c09b53be6642d330ac6f54a600c3ace857ee9",
                "sha256:cc03acc273c5515ab69f898df99d9d4f12c4d70dbfc24c3acc6203751d0804cf",
                "sha256:d25c20a03e8870f6339bcf67281b946bd20b86f1a544ebbebb87e66a8d642cba",
                "sha256:d2c3554bd31b731cd6490d94a28f3abb8dd770634a9e06eb6d2911b9827db370",
                "sha256:d4a558c7620340a0931828d8065688b3cc5b4c8eb674bcaf33d18ff4a6870b4a",
                "sha256:df4df0b9d02bb873a106971bb85d448378ef14b86ba96f035f50bbd3688456b4",
                "sha256:e190b738675a73b581736cc8ec71ae113d6c3768d0bd18bffa5b9a0927b0b6ea"
            ],
            "index": "pypi",
            "markers": "python_version >= '3.9'",
            "version": "==2.3.2"
        },
        "platformdirs": {
            "hashes": [
                "sha256:abd01743f24e5287cd7a5db3752faf1a2d65353f38ec26d98e25a6db65958c85",
                "sha256:ca753cf4d81dc309bc67b0ea38fd15dc97bc30ce419a7f58d13eb3bf14c4febf"
            ],
            "markers": "python_version >= '3.9'",
            "version": "==4.4.0"
        },
        "pluggy": {
            "hashes": [
                "sha256:7dcc130b76258d33b90f61b658791dede3486c3e6bfb003ee5c9bfb396dd22f3",
                "sha256:e920276dd6813095e9377c0bc5566d94c932c33b27a3e3945d8389c374dd4746"
            ],
            "markers": "python_version >= '3.9'",
            "version": "==1.6.0"
        },
        "pre-commit": {
            "hashes": [
                "sha256:2b0747ad7e6e967169136edffee14c16e148a778a54e4f967921aa1ebf2308d8",
                "sha256:499fe450cc9d42e9d58e606262795ecb64dd05438943c62b66f6a8673da30b16"
            ],
            "index": "pypi",
            "markers": "python_version >= '3.9'",
            "version": "==4.3.0"
        },
        "prettytable": {
            "hashes": [
                "sha256:3c64b31719d961bf69c9a7e03d0c1e477320906a98da63952bc6698d6164ff57",
                "sha256:b5eccfabb82222f5aa46b798ff02a8452cf530a352c31bddfa29be41242863aa"
            ],
            "index": "pypi",
            "markers": "python_version >= '3.9'",
            "version": "==3.16.0"
        },
        "pygments": {
            "hashes": [
                "sha256:636cb2477cec7f8952536970bc533bc43743542f70392ae026374600add5b887",
                "sha256:86540386c03d588bb81d44bc3928634ff26449851e99741617ecb9037ee5ec0b"
            ],
            "markers": "python_version >= '3.8'",
            "version": "==2.19.2"
        },
        "pytest": {
            "hashes": [
                "sha256:86c0d0b93306b961d58d62a4db4879f27fe25513d4b969df351abdddb3c30e01",
                "sha256:872f880de3fc3a5bdc88a11b39c9710c3497a547cfa9320bc3c5e62fbf272e79"
            ],
            "markers": "python_version >= '3.9'",
            "version": "==8.4.2"
        },
        "pytest-cov": {
            "hashes": [
                "sha256:33c97eda2e049a0c5298e91f519302a1334c26ac65c1a483d6206fd458361af1",
                "sha256:3b8e9558b16cc1479da72058bdecf8073661c7f57f7d3c5f22a1c23507f2d861"
            ],
            "index": "pypi",
            "markers": "python_version >= '3.9'",
            "version": "==7.0.0"
        },
        "python-dateutil": {
            "hashes": [
                "sha256:37dd54208da7e1cd875388217d5e00ebd4179249f90fb72437e91a35459a0ad3",
                "sha256:a8b2bc7bffae282281c8140a97d3aa9c14da0b136dfe83f850eea9a5f7470427"
            ],
            "markers": "python_version >= '2.7' and python_version not in '3.0, 3.1, 3.2'",
            "version": "==2.9.0.post0"
        },
        "pytz": {
            "hashes": [
                "sha256:360b9e3dbb49a209c21ad61809c7fb453643e048b38924c765813546746e81c3",
                "sha256:5ddf76296dd8c44c26eb8f4b6f35488f3ccbf6fbbd7adee0b7262d43f0ec2f00"
            ],
            "version": "==2025.2"
        },
        "pyyaml": {
            "hashes": [
                "sha256:01179a4a8559ab5de078078f37e5c1a30d76bb88519906844fd7bdea1b7729ff",
                "sha256:0833f8694549e586547b576dcfaba4a6b55b9e96098b36cdc7ebefe667dfed48",
                "sha256:0a9a2848a5b7feac301353437eb7d5957887edbf81d56e903999a75a3d743086",
                "sha256:0b69e4ce7a131fe56b7e4d770c67429700908fc0752af059838b1cfb41960e4e",
                "sha256:0ffe8360bab4910ef1b9e87fb812d8bc0a308b0d0eef8c8f44e0254ab3b07133",
                "sha256:11d8f3dd2b9c1207dcaf2ee0bbbfd5991f571186ec9cc78427ba5bd32afae4b5",
                "sha256:17e311b6c678207928d649faa7cb0d7b4c26a0ba73d41e99c4fff6b6c3276484",
                "sha256:1e2120ef853f59c7419231f3bf4e7021f1b936f6ebd222406c3b60212205d2ee",
                "sha256:1f71ea527786de97d1a0cc0eacd1defc0985dcf6b3f17bb77dcfc8c34bec4dc5",
                "sha256:23502f431948090f597378482b4812b0caae32c22213aecf3b55325e049a6c68",
                "sha256:24471b829b3bf607e04e88d79542a9d48bb037c2267d7927a874e6c205ca7e9a",
                "sha256:29717114e51c84ddfba879543fb232a6ed60086602313ca38cce623c1d62cfbf",
                "sha256:2e99c6826ffa974fe6e27cdb5ed0021786b03fc98e5ee3c5bfe1fd5015f42b99",
                "sha256:39693e1f8320ae4f43943590b49779ffb98acb81f788220ea932a6b6c51004d8",
                "sha256:3ad2a3decf9aaba3d29c8f537ac4b243e36bef957511b4766cb0057d32b0be85",
                "sha256:3b1fdb9dc17f5a7677423d508ab4f243a726dea51fa5e70992e59a7411c89d19",
                "sha256:41e4e3953a79407c794916fa277a82531dd93aad34e29c2a514c2c0c5fe971cc",
                "sha256:43fa96a3ca0d6b1812e01ced1044a003533c47f6ee8aca31724f78e93ccc089a",
                "sha256:50187695423ffe49e2deacb8cd10510bc361faac997de9efef88badc3bb9e2d1",
                "sha256:5ac9328ec4831237bec75defaf839f7d4564be1e6b25ac710bd1a96321cc8317",
                "sha256:5d225db5a45f21e78dd9358e58a98702a0302f2659a3c6cd320564b75b86f47c",
                "sha256:6395c297d42274772abc367baaa79683958044e5d3835486c16da75d2a694631",
                "sha256:688ba32a1cffef67fd2e9398a2efebaea461578b0923624778664cc1c914db5d",
                "sha256:68ccc6023a3400877818152ad9a1033e3db8625d899c72eacb5a668902e4d652",
                "sha256:70b189594dbe54f75ab3a1acec5f1e3faa7e8cf2f1e08d9b561cb41b845f69d5",
                "sha256:797b4f722ffa07cc8d62053e4cff1486fa6dc094105d13fea7b1de7d8bf71c9e",
                "sha256:7c36280e6fb8385e520936c3cb3b8042851904eba0e58d277dca80a5cfed590b",
                "sha256:7e7401d0de89a9a855c839bc697c079a4af81cf878373abd7dc625847d25cbd8",
                "sha256:80bab7bfc629882493af4aa31a4cfa43a4c57c83813253626916b8c7ada83476",
                "sha256:82d09873e40955485746739bcb8b4586983670466c23382c19cffecbf1fd8706",
                "sha256:8388ee1976c416731879ac16da0aff3f63b286ffdd57cdeb95f3f2e085687563",
                "sha256:8824b5a04a04a047e72eea5cec3bc266db09e35de6bdfe34c9436ac5ee27d237",
                "sha256:8b9c7197f7cb2738065c481a0461e50ad02f18c78cd75775628afb4d7137fb3b",
                "sha256:9056c1ecd25795207ad294bcf39f2db3d845767be0ea6e6a34d856f006006083",
                "sha256:936d68689298c36b53b29f23c6dbb74de12b4ac12ca6cfe0e047bedceea56180",
                "sha256:9b22676e8097e9e22e36d6b7bda33190d0d400f345f23d4065d48f4ca7ae0425",
                "sha256:a4d3091415f010369ae4ed1fc6b79def9416358877534caf6a0fdd2146c87a3e",
                "sha256:a8786accb172bd8afb8be14490a16625cbc387036876ab6ba70912730faf8e1f",
                "sha256:a9f8c2e67970f13b16084e04f134610fd1d374bf477b17ec1599185cf611d725",
                "sha256:bc2fa7c6b47d6bc618dd7fb02ef6fdedb1090ec036abab80d4681424b84c1183",
                "sha256:c70c95198c015b85feafc136515252a261a84561b7b1d51e3384e0655ddf25ab",
                "sha256:cc1c1159b3d456576af7a3e4d1ba7e6924cb39de8f67111c735f6fc832082774",
                "sha256:ce826d6ef20b1bc864f0a68340c8b3287705cae2f8b4b1d932177dcc76721725",
                "sha256:d584d9ec91ad65861cc08d42e834324ef890a082e591037abe114850ff7bbc3e",
                "sha256:d7fded462629cfa4b685c5416b949ebad6cec74af5e2d42905d41e257e0869f5",
                "sha256:d84a1718ee396f54f3a086ea0a66d8e552b2ab2017ef8b420e92edbc841c352d",
                "sha256:d8e03406cac8513435335dbab54c0d385e4a49e4945d2909a581c83647ca0290",
                "sha256:e10ce637b18caea04431ce14fabcf5c64a1c61ec9c56b071a4b7ca131ca52d44",
                "sha256:ec031d5d2feb36d1d1a24380e4db6d43695f3748343d99434e6f5f9156aaa2ed",
                "sha256:ef6107725bd54b262d6dedcc2af448a266975032bc85ef0172c5f059da6325b4",
                "sha256:efdca5630322a10774e8e98e1af481aad470dd62c3170801852d752aa7a783ba",
                "sha256:f753120cb8181e736c57ef7636e83f31b9c0d1722c516f7e86cf15b7aa57ff12",
                "sha256:ff3824dc5261f50c9b0dfb3be22b4567a6f938ccce4587b38952d85fd9e9afe4"
            ],
            "markers": "python_version >= '3.8'",
            "version": "==6.0.2"
        },
        "requests": {
            "hashes": [
                "sha256:2462f94637a34fd532264295e186976db0f5d453d1cdd31473c85a6a161affb6",
                "sha256:dbba0bac56e100853db0ea71b82b4dfd5fe2bf6d3754a8893c3af500cec7d7cf"
            ],
            "index": "pypi",
            "markers": "python_version >= '3.9'",
            "version": "==2.32.5"
        },
        "s3transfer": {
            "hashes": [
                "sha256:ea3b790c7077558ed1f02a3072fb3cb992bbbd253392f4b6e9e8976941c7d456",
                "sha256:eff12264e7c8b4985074ccce27a3b38a485bb7f7422cc8046fee9be4983e4125"
            ],
            "markers": "python_version >= '3.9'",
            "version": "==0.14.0"
        },
        "setuptools": {
            "hashes": [
                "sha256:062d34222ad13e0cc312a4c02d73f059e86a4acbfbdea8f8f76b28c99f306922",
                "sha256:f36b47402ecde768dbfafc46e8e4207b4360c654f1f3bb84475f0a28628fb19c"
            ],
            "index": "pypi",
            "markers": "python_version >= '3.9'",
            "version": "==80.9.0"
        },
        "six": {
            "hashes": [
                "sha256:4721f391ed90541fddacab5acf947aa0d3dc7d27b2e1e8eda2be8970586c3274",
                "sha256:ff70335d468e7eb6ec65b95b99d3a2836546063f63acc5171de367e834932a81"
            ],
            "markers": "python_version >= '2.7' and python_version not in '3.0, 3.1, 3.2'",
            "version": "==1.17.0"
        },
        "tzdata": {
            "hashes": [
                "sha256:1a403fada01ff9221ca8044d701868fa132215d84beb92242d9acd2147f667a8",
                "sha256:b60a638fcc0daffadf82fe0f57e53d06bdec2f36c4df66280ae79bce6bd6f2b9"
            ],
            "markers": "python_version >= '2'",
            "version": "==2025.2"
        },
        "urllib3": {
            "hashes": [
                "sha256:3fc47733c7e419d4bc3f6b3dc2b4f890bb743906a30d56ba4a5bfa4bbff92760",
                "sha256:e6b01673c0fa6a13e374b50871808eb3bf7046c4b125b216f6bf1cc604cff0dc"
            ],
            "markers": "python_version >= '3.9'",
            "version": "==2.5.0"
        },
        "virtualenv": {
            "hashes": [
                "sha256:341f5afa7eee943e4984a9207c025feedd768baff6753cd660c857ceb3e36026",
                "sha256:44815b2c9dee7ed86e387b842a84f20b93f7f417f95886ca1996a72a4138eb1a"
            ],
            "markers": "python_version >= '3.8'",
            "version": "==20.34.0"
        },
        "wcwidth": {
            "hashes": [
                "sha256:3da69048e4540d84af32131829ff948f1e022c1c6bdb8d6102117aac784f6859",
                "sha256:72ea0c06399eb286d978fdedb6923a9eb47e1c486ce63e9b4e64fc18303972b5"
            ],
            "version": "==0.2.13"
        }
    },
    "develop": {
        "iniconfig": {
            "hashes": [
                "sha256:3abbd2e30b36733fee78f9c7f7308f2d0050e88f0087fd25c2645f63c773e1c7",
                "sha256:9deba5723312380e77435581c6bf4935c94cbfab9b1ed33ef8d238ea168eb760"
            ],
            "markers": "python_version >= '3.8'",
            "version": "==2.1.0"
        },
        "packaging": {
            "hashes": [
                "sha256:29572ef2b1f17581046b3a2227d5c611fb25ec70ca1ba8554b24b0e69331a484",
                "sha256:d443872c98d677bf60f6a1f2f8c1cb748e8fe762d2bf9d3148b5599295b0fc4f"
            ],
            "markers": "python_version >= '3.8'",
            "version": "==25.0"
        },
        "pluggy": {
            "hashes": [
                "sha256:7dcc130b76258d33b90f61b658791dede3486c3e6bfb003ee5c9bfb396dd22f3",
                "sha256:e920276dd6813095e9377c0bc5566d94c932c33b27a3e3945d8389c374dd4746"
            ],
            "markers": "python_version >= '3.9'",
            "version": "==1.6.0"
        },
        "pygments": {
            "hashes": [
                "sha256:636cb2477cec7f8952536970bc533bc43743542f70392ae026374600add5b887",
                "sha256:86540386c03d588bb81d44bc3928634ff26449851e99741617ecb9037ee5ec0b"
            ],
            "markers": "python_version >= '3.8'",
            "version": "==2.19.2"
        },
        "pytest": {
            "hashes": [
                "sha256:86c0d0b93306b961d58d62a4db4879f27fe25513d4b969df351abdddb3c30e01",
                "sha256:872f880de3fc3a5bdc88a11b39c9710c3497a547cfa9320bc3c5e62fbf272e79"
            ],
            "markers": "python_version >= '3.9'",
            "version": "==8.4.2"
        }
    }
}
